
Microsoft Visual Studio Solution File, Format Version 12.00
# Visual Studio 15
VisualStudioVersion = 15.0.27130.2027
MinimumVisualStudioVersion = 10.0.40219.1
Project("{9A19103F-16F7-4668-BE54-9A1E7A4F7556}") = "Birder2", "Birder2\Birder2.csproj", "{D39801EF-7624-42F5-A5DE-863D1922DD44}"
EndProject
Global
	GlobalSection(SolutionConfigurationPlatforms) = preSolution
		Debug|Any CPU = Debug|Any CPU
		Release|Any CPU = Release|Any CPU
	EndGlobalSection
	GlobalSection(ProjectConfigurationPlatforms) = postSolution
		{D39801EF-7624-42F5-A5DE-863D1922DD44}.Debug|Any CPU.ActiveCfg = Debug|Any CPU
		{D39801EF-7624-42F5-A5DE-863D1922DD44}.Debug|Any CPU.Build.0 = Debug|Any CPU
		{D39801EF-7624-42F5-A5DE-863D1922DD44}.Release|Any CPU.ActiveCfg = Release|Any CPU
		{D39801EF-7624-42F5-A5DE-863D1922DD44}.Release|Any CPU.Build.0 = Release|Any CPU
	EndGlobalSection
	GlobalSection(SolutionProperties) = preSolution
		HideSolutionNode = FALSE
	EndGlobalSection
	GlobalSection(ExtensibilityGlobals) = postSolution
		SolutionGuid = {A01D93A0-86DA-4263-A362-18684FE9CC3A}
	EndGlobalSection
EndGlobal
