
Microsoft Visual Studio Solution File, Format Version 12.00
# Visual Studio 15
VisualStudioVersion = 15.0.27703.2026
MinimumVisualStudioVersion = 10.0.40219.1
Project("{9A19103F-16F7-4668-BE54-9A1E7A4F7556}") = "MyFirstUnitTests", "MyFirstUnitTests.csproj", "{19873911-CE70-4EC9-9D7C-36ADAC8EF29E}"
EndProject
Global
	GlobalSection(SolutionConfigurationPlatforms) = preSolution
		Debug|Any CPU = Debug|Any CPU
		Release|Any CPU = Release|Any CPU
	EndGlobalSection
	GlobalSection(ProjectConfigurationPlatforms) = postSolution
		{19873911-CE70-4EC9-9D7C-36ADAC8EF29E}.Debug|Any CPU.ActiveCfg = Debug|Any CPU
		{19873911-CE70-4EC9-9D7C-36ADAC8EF29E}.Debug|Any CPU.Build.0 = Debug|Any CPU
		{19873911-CE70-4EC9-9D7C-36ADAC8EF29E}.Release|Any CPU.ActiveCfg = Release|Any CPU
		{19873911-CE70-4EC9-9D7C-36ADAC8EF29E}.Release|Any CPU.Build.0 = Release|Any CPU
	EndGlobalSection
	GlobalSection(SolutionProperties) = preSolution
		HideSolutionNode = FALSE
	EndGlobalSection
	GlobalSection(ExtensibilityGlobals) = postSolution
		SolutionGuid = {6C4BC50D-4E8D-4146-A2B9-A4B4C9F1EA06}
	EndGlobalSection
EndGlobal
